
Microsoft Visual Studio Solution File, Format Version 12.00
# Visual Studio 14
VisualStudioVersion = 14.0.25123.0
MinimumVisualStudioVersion = 10.0.40219.1
Project("{FAE04EC0-301F-11D3-BF4B-00C04F79EFBC}") = "MiniRealms", "MiniCraft\MiniRealms.csproj", "{3AFB3ADA-21CF-4A38-BA14-501F8B774875}"
EndProject
Project("{2150E333-8FDC-42A3-9474-1A3956D46DE8}") = "Solution Items", "Solution Items", "{834D4367-D6DC-4361-91BE-4A992140317A}"
	ProjectSection(SolutionItems) = preProject
		README.md = README.md
		TODO.md = TODO.md
	EndProjectSection
EndProject
Project("{FAE04EC0-301F-11D3-BF4B-00C04F79EFBC}") = "GameConsole", "GameConsole\Source\GameConsole.csproj", "{66A03276-E5E7-4E05-9790-F5602147426C}"
EndProject
Global
	GlobalSection(SolutionConfigurationPlatforms) = preSolution
		Debug|Any CPU = Debug|Any CPU
		Debug|x86 = Debug|x86
		Release|Any CPU = Release|Any CPU
		Release|x86 = Release|x86
	EndGlobalSection
	GlobalSection(ProjectConfigurationPlatforms) = postSolution
		{3AFB3ADA-21CF-4A38-BA14-501F8B774875}.Debug|Any CPU.ActiveCfg = Debug|x86
		{3AFB3ADA-21CF-4A38-BA14-501F8B774875}.Debug|Any CPU.Build.0 = Debug|x86
		{3AFB3ADA-21CF-4A38-BA14-501F8B774875}.Debug|x86.ActiveCfg = Debug|x86
		{3AFB3ADA-21CF-4A38-BA14-501F8B774875}.Debug|x86.Build.0 = Debug|x86
		{3AFB3ADA-21CF-4A38-BA14-501F8B774875}.Release|Any CPU.ActiveCfg = Release|x86
		{3AFB3ADA-21CF-4A38-BA14-501F8B774875}.Release|x86.ActiveCfg = Release|x86
		{3AFB3ADA-21CF-4A38-BA14-501F8B774875}.Release|x86.Build.0 = Release|x86
		{66A03276-E5E7-4E05-9790-F5602147426C}.Debug|Any CPU.ActiveCfg = Debug|Any CPU
		{66A03276-E5E7-4E05-9790-F5602147426C}.Debug|Any CPU.Build.0 = Debug|Any CPU
		{66A03276-E5E7-4E05-9790-F5602147426C}.Debug|x86.ActiveCfg = Debug|Any CPU
		{66A03276-E5E7-4E05-9790-F5602147426C}.Debug|x86.Build.0 = Debug|Any CPU
		{66A03276-E5E7-4E05-9790-F5602147426C}.Release|Any CPU.ActiveCfg = Release|Any CPU
		{66A03276-E5E7-4E05-9790-F5602147426C}.Release|Any CPU.Build.0 = Release|Any CPU
		{66A03276-E5E7-4E05-9790-F5602147426C}.Release|x86.ActiveCfg = Release|Any CPU
		{66A03276-E5E7-4E05-9790-F5602147426C}.Release|x86.Build.0 = Release|Any CPU
	EndGlobalSection
	GlobalSection(SolutionProperties) = preSolution
		HideSolutionNode = FALSE
	EndGlobalSection
EndGlobal
